Microsoft Visual Studio Solution File, Format Version 7.00
Project("{FAE04EC0-301F-11D3-BF4B-00C04F79EFBC}") = "umladeproblem", "umladeproblem.csproj", "{4660C80F-9577-4C0A-A46C-D1A7BB1C4060}"
EndProject
Global
	GlobalSection(SolutionConfiguration) = preSolution
		ConfigName.0 = Debug
		ConfigName.1 = Release
	EndGlobalSection
	GlobalSection(ProjectDependencies) = postSolution
	EndGlobalSection
	GlobalSection(ProjectConfiguration) = postSolution
		{4660C80F-9577-4C0A-A46C-D1A7BB1C4060}.Debug.ActiveCfg = Debug|.NET
		{4660C80F-9577-4C0A-A46C-D1A7BB1C4060}.Debug.Build.0 = Debug|.NET
		{4660C80F-9577-4C0A-A46C-D1A7BB1C4060}.Release.ActiveCfg = Release|.NET
		{4660C80F-9577-4C0A-A46C-D1A7BB1C4060}.Release.Build.0 = Release|.NET
	EndGlobalSection
	GlobalSection(ExtensibilityGlobals) = postSolution
	EndGlobalSection
	GlobalSection(ExtensibilityAddIns) = postSolution
	EndGlobalSection
EndGlobal
